{
  "nodes": {
    "nixpkgs": {
      "locked": {
        "lastModified": 1635099624,
        "narHash": "sha256-XbEZ34k/gHOgQMfg++0Q0+B5yqeRK9Rz7yawwSxqAOM=",
        "owner": "NixOS",
        "repo": "nixpkgs",
        "rev": "a3f85aedb1d66266b82d9f8c0a80457b4db5850c",
        "type": "github"
      },
      "original": {
        "owner": "NixOS",
        "ref": "nixpkgs-unstable",
        "repo": "nixpkgs",
        "type": "github"
      }
    },
    "root": {
      "inputs": {
        "nixpkgs": "nixpkgs"
      }
    }
  },
  "root": "root",
  "version": 7
}
